
Microsoft Visual Studio Solution File, Format Version 12.00
# Visual Studio Version 16
VisualStudioVersion = 16.0.29215.179
MinimumVisualStudioVersion = 10.0.40219.1
Project("{FAE04EC0-301F-11D3-BF4B-00C04F79EFBC}") = "DangMNN_Lab1", "DangMNN_Lab1\DangMNN_Lab1.csproj", "{5D7E9814-A305-41A7-AE38-92674168A985}"
EndProject
Global
	GlobalSection(SolutionConfigurationPlatforms) = preSolution
		Debug|Any CPU = Debug|Any CPU
		Release|Any CPU = Release|Any CPU
	EndGlobalSection
	GlobalSection(ProjectConfigurationPlatforms) = postSolution
		{5D7E9814-A305-41A7-AE38-92674168A985}.Debug|Any CPU.ActiveCfg = Debug|Any CPU
		{5D7E9814-A305-41A7-AE38-92674168A985}.Debug|Any CPU.Build.0 = Debug|Any CPU
		{5D7E9814-A305-41A7-AE38-92674168A985}.Release|Any CPU.ActiveCfg = Release|Any CPU
		{5D7E9814-A305-41A7-AE38-92674168A985}.Release|Any CPU.Build.0 = Release|Any CPU
	EndGlobalSection
	GlobalSection(SolutionProperties) = preSolution
		HideSolutionNode = FALSE
	EndGlobalSection
	GlobalSection(ExtensibilityGlobals) = postSolution
		SolutionGuid = {5546E317-4D2E-4685-9709-DE99B14BA5B6}
	EndGlobalSection
EndGlobal
