
Microsoft Visual Studio Solution File, Format Version 12.00
# Visual Studio Version 16
VisualStudioVersion = 16.0.29215.179
MinimumVisualStudioVersion = 10.0.40219.1
Project("{FAE04EC0-301F-11D3-BF4B-00C04F79EFBC}") = "testwinform2", "testwinform2\testwinform2.csproj", "{04290749-2518-4310-9277-C88A36F59909}"
EndProject
Global
	GlobalSection(SolutionConfigurationPlatforms) = preSolution
		Debug|Any CPU = Debug|Any CPU
		Release|Any CPU = Release|Any CPU
	EndGlobalSection
	GlobalSection(ProjectConfigurationPlatforms) = postSolution
		{04290749-2518-4310-9277-C88A36F59909}.Debug|Any CPU.ActiveCfg = Debug|Any CPU
		{04290749-2518-4310-9277-C88A36F59909}.Debug|Any CPU.Build.0 = Debug|Any CPU
		{04290749-2518-4310-9277-C88A36F59909}.Release|Any CPU.ActiveCfg = Release|Any CPU
		{04290749-2518-4310-9277-C88A36F59909}.Release|Any CPU.Build.0 = Release|Any CPU
	EndGlobalSection
	GlobalSection(SolutionProperties) = preSolution
		HideSolutionNode = FALSE
	EndGlobalSection
	GlobalSection(ExtensibilityGlobals) = postSolution
		SolutionGuid = {0A07C247-3F8C-4CC1-A84D-393E2E19E137}
	EndGlobalSection
EndGlobal
