
Microsoft Visual Studio Solution File, Format Version 12.00
# Visual Studio Version 16
VisualStudioVersion = 16.0.29215.179
MinimumVisualStudioVersion = 10.0.40219.1
Project("{FAE04EC0-301F-11D3-BF4B-00C04F79EFBC}") = "MyBookLibrary", "MyBookLibrary\MyBookLibrary.csproj", "{6A7C5ED1-1E77-4F42-9571-053C5090FBD8}"
EndProject
Global
	GlobalSection(SolutionConfigurationPlatforms) = preSolution
		Debug|Any CPU = Debug|Any CPU
		Release|Any CPU = Release|Any CPU
	EndGlobalSection
	GlobalSection(ProjectConfigurationPlatforms) = postSolution
		{6A7C5ED1-1E77-4F42-9571-053C5090FBD8}.Debug|Any CPU.ActiveCfg = Debug|Any CPU
		{6A7C5ED1-1E77-4F42-9571-053C5090FBD8}.Debug|Any CPU.Build.0 = Debug|Any CPU
		{6A7C5ED1-1E77-4F42-9571-053C5090FBD8}.Release|Any CPU.ActiveCfg = Release|Any CPU
		{6A7C5ED1-1E77-4F42-9571-053C5090FBD8}.Release|Any CPU.Build.0 = Release|Any CPU
	EndGlobalSection
	GlobalSection(SolutionProperties) = preSolution
		HideSolutionNode = FALSE
	EndGlobalSection
	GlobalSection(ExtensibilityGlobals) = postSolution
		SolutionGuid = {CDE8EFB7-133F-49B6-B5AB-0BE0175C3EB0}
	EndGlobalSection
EndGlobal
