
Microsoft Visual Studio Solution File, Format Version 12.00
# Visual Studio Version 16
VisualStudioVersion = 16.0.29215.179
MinimumVisualStudioVersion = 10.0.40219.1
Project("{FAE04EC0-301F-11D3-BF4B-00C04F79EFBC}") = "testwepapp", "testwepapp\testwepapp.csproj", "{D3DDB62E-FE13-4DE5-85EC-6F27219015B0}"
EndProject
Global
	GlobalSection(SolutionConfigurationPlatforms) = preSolution
		Debug|Any CPU = Debug|Any CPU
		Release|Any CPU = Release|Any CPU
	EndGlobalSection
	GlobalSection(ProjectConfigurationPlatforms) = postSolution
		{D3DDB62E-FE13-4DE5-85EC-6F27219015B0}.Debug|Any CPU.ActiveCfg = Debug|Any CPU
		{D3DDB62E-FE13-4DE5-85EC-6F27219015B0}.Debug|Any CPU.Build.0 = Debug|Any CPU
		{D3DDB62E-FE13-4DE5-85EC-6F27219015B0}.Release|Any CPU.ActiveCfg = Release|Any CPU
		{D3DDB62E-FE13-4DE5-85EC-6F27219015B0}.Release|Any CPU.Build.0 = Release|Any CPU
	EndGlobalSection
	GlobalSection(SolutionProperties) = preSolution
		HideSolutionNode = FALSE
	EndGlobalSection
	GlobalSection(ExtensibilityGlobals) = postSolution
		SolutionGuid = {E565F4D6-58BD-47F5-B7EF-BF704CC6DAF8}
	EndGlobalSection
EndGlobal
